{
  "nodes": {
    "devenv": {
      "locked": {
        "dir": "src/modules",
        "lastModified": 1786909838,
        "narHash": "sha256-TtGlkHrMMGGxmdbHlXAb1CUgDsywNz6HQgWTflIHA64=",
        "owner": "cachix",
        "repo": "devenv",
        "rev": "4fb1522738129e8c695201e3a5ec156bff3d28dc",
        "type": "github"
      },
      "original": {
        "dir": "src/modules",
        "owner": "cachix",
        "repo": "devenv",
        "type": "github"
      }
    },
    "nixpkgs": {
      "locked": {
        "lastModified": 1783375776,
        "narHash": "sha256-pg6hLjDeAWaUOzh2JM2Cw0BwYpGtOyNr6A4FBwP9Ymo=",
        "owner": "NixOS",
        "repo": "nixpkgs",
        "rev": "cd648d6ea62bc0ffba91e61fcfe5e33c1e2004b1",
        "type": "github"
      },
      "original": {
        "owner": "NixOS",
        "ref": "release-25.11",
        "repo": "nixpkgs",
        "type": "github"
      }
    },
    "root": {
      "inputs": {
        "devenv": "devenv",
        "nixpkgs": "nixpkgs",
        "templates": "templates"
      }
    },
    "templates": {
      "flake": false,
      "locked": {
        "lastModified": 1761677534,
        "narHash": "sha256-FdIJrHUza/gwfD/f87yc2eDK/aJzgoaLEbZt+20Ntm8=",
        "owner": "linusfri",
        "repo": "templates",
        "rev": "64be9eac0e6a5b89b3e9f6ddce729716b3ca0a93",
        "type": "github"
      },
      "original": {
        "owner": "linusfri",
        "repo": "templates",
        "type": "github"
      }
    }
  },
  "root": "root",
  "version": 7
}