{
  "nodes": {
    "devenv": {
      "locked": {
        "dir": "src/modules",
        "lastModified": 1782331842,
        "narHash": "sha256-7CJ2EqNVPMq0ly39aaP6dGgdO627MqUtM/+Dm+QwNdU=",
        "owner": "cachix",
        "repo": "devenv",
        "rev": "885e1c9d62cfa12232802de77b36aaded1ca609b",
        "type": "github"
      },
      "original": {
        "dir": "src/modules",
        "owner": "cachix",
        "repo": "devenv",
        "type": "github"
      }
    },
    "nixpkgs": {
      "locked": {
        "lastModified": 1782406326,
        "narHash": "sha256-9++0mp39yBktusmQ9PjScNT9Qfek3/lwvNxeUr9Fpsc=",
        "owner": "NixOS",
        "repo": "nixpkgs",
        "rev": "85d006143853bdb5aa0131a910834efe2cde634e",
        "type": "github"
      },
      "original": {
        "owner": "NixOS",
        "ref": "release-25.11",
        "repo": "nixpkgs",
        "type": "github"
      }
    },
    "root": {
      "inputs": {
        "devenv": "devenv",
        "nixpkgs": "nixpkgs",
        "templates": "templates"
      }
    },
    "templates": {
      "flake": false,
      "locked": {
        "lastModified": 1761677534,
        "narHash": "sha256-FdIJrHUza/gwfD/f87yc2eDK/aJzgoaLEbZt+20Ntm8=",
        "owner": "linusfri",
        "repo": "templates",
        "rev": "64be9eac0e6a5b89b3e9f6ddce729716b3ca0a93",
        "type": "github"
      },
      "original": {
        "owner": "linusfri",
        "repo": "templates",
        "type": "github"
      }
    }
  },
  "root": "root",
  "version": 7
}